
Microsoft Visual Studio Solution File, Format Version 12.00
# Visual Studio Version 17
VisualStudioVersion = 17.8.34525.116
MinimumVisualStudioVersion = 10.0.40219.1
Project("{FAE04EC0-301F-11D3-BF4B-00C04F79EFBC}") = "CapaVista", "CapaVista\CapaVista.csproj", "{59FAA895-559C-4B74-A6B1-E7E20AAA7D50}"
EndProject
Project("{FAE04EC0-301F-11D3-BF4B-00C04F79EFBC}") = "CapaDatos", "CapaDatos\CapaDatos.csproj", "{0116624A-665D-4F84-9B90-D8FC9A88F77C}"
EndProject
Project("{FAE04EC0-301F-11D3-BF4B-00C04F79EFBC}") = "CapaLogica", "CapaLogica\CapaLogica.csproj", "{673DFD4A-2554-4A70-A8B8-4D298B97B306}"
EndProject
Project("{FAE04EC0-301F-11D3-BF4B-00C04F79EFBC}") = "CapaEntidades", "CapaEntidades\CapaEntidades.csproj", "{09D7D41D-FC7E-449A-AD27-2387BA24EC2E}"
EndProject
Global
	GlobalSection(SolutionConfigurationPlatforms) = preSolution
		Debug|Any CPU = Debug|Any CPU
		Release|Any CPU = Release|Any CPU
	EndGlobalSection
	GlobalSection(ProjectConfigurationPlatforms) = postSolution
		{59FAA895-559C-4B74-A6B1-E7E20AAA7D50}.Debug|Any CPU.ActiveCfg = Debug|Any CPU
		{59FAA895-559C-4B74-A6B1-E7E20AAA7D50}.Debug|Any CPU.Build.0 = Debug|Any CPU
		{59FAA895-559C-4B74-A6B1-E7E20AAA7D50}.Release|Any CPU.ActiveCfg = Release|Any CPU
		{59FAA895-559C-4B74-A6B1-E7E20AAA7D50}.Release|Any CPU.Build.0 = Release|Any CPU
		{0116624A-665D-4F84-9B90-D8FC9A88F77C}.Debug|Any CPU.ActiveCfg = Debug|Any CPU
		{0116624A-665D-4F84-9B90-D8FC9A88F77C}.Debug|Any CPU.Build.0 = Debug|Any CPU
		{0116624A-665D-4F84-9B90-D8FC9A88F77C}.Release|Any CPU.ActiveCfg = Release|Any CPU
		{0116624A-665D-4F84-9B90-D8FC9A88F77C}.Release|Any CPU.Build.0 = Release|Any CPU
		{673DFD4A-2554-4A70-A8B8-4D298B97B306}.Debug|Any CPU.ActiveCfg = Debug|Any CPU
		{673DFD4A-2554-4A70-A8B8-4D298B97B306}.Debug|Any CPU.Build.0 = Debug|Any CPU
		{673DFD4A-2554-4A70-A8B8-4D298B97B306}.Release|Any CPU.ActiveCfg = Release|Any CPU
		{673DFD4A-2554-4A70-A8B8-4D298B97B306}.Release|Any CPU.Build.0 = Release|Any CPU
		{09D7D41D-FC7E-449A-AD27-2387BA24EC2E}.Debug|Any CPU.ActiveCfg = Debug|Any CPU
		{09D7D41D-FC7E-449A-AD27-2387BA24EC2E}.Debug|Any CPU.Build.0 = Debug|Any CPU
		{09D7D41D-FC7E-449A-AD27-2387BA24EC2E}.Release|Any CPU.ActiveCfg = Release|Any CPU
		{09D7D41D-FC7E-449A-AD27-2387BA24EC2E}.Release|Any CPU.Build.0 = Release|Any CPU
	EndGlobalSection
	GlobalSection(SolutionProperties) = preSolution
		HideSolutionNode = FALSE
	EndGlobalSection
	GlobalSection(ExtensibilityGlobals) = postSolution
		SolutionGuid = {970659D3-BF19-4606-8F53-76D659EDCB33}
	EndGlobalSection
EndGlobal
